
Microsoft Visual Studio Solution File, Format Version 12.00
# Visual Studio 2013
VisualStudioVersion = 12.0.30723.0
MinimumVisualStudioVersion = 10.0.40219.1
Project("{2150E333-8FDC-42A3-9474-1A3956D46DE8}") = ".nuget", ".nuget", "{1AB2FECB-55DF-40C9-980C-A2648FBC2F9E}"
	ProjectSection(SolutionItems) = preProject
		.nuget\NuGet.Config = .nuget\NuGet.Config
		.nuget\NuGet.exe = .nuget\NuGet.exe
		.nuget\NuGet.targets = .nuget\NuGet.targets
	EndProjectSection
EndProject
Project("{2150E333-8FDC-42A3-9474-1A3956D46DE8}") = "samples", "samples", "{CDCC7F36-83CF-430B-86CF-46CDF610301F}"
EndProject
Project("{FAE04EC0-301F-11D3-BF4B-00C04F79EFBC}") = "Helios.Samples.TcpReactorServer", "samples\Helios.Samples.TcpReactorServer\Helios.Samples.TcpReactorServer.csproj", "{9217F519-A433-4C8F-9C09-ACE0A5CECC1D}"
EndProject
Project("{FAE04EC0-301F-11D3-BF4B-00C04F79EFBC}") = "Helios.Samples.UdpReactorServer", "samples\Helios.Samples.UdpReactorServer\Helios.Samples.UdpReactorServer.csproj", "{CAD07BA2-80FC-4C24-8395-85FC24F42047}"
EndProject
Project("{FAE04EC0-301F-11D3-BF4B-00C04F79EFBC}") = "Helios.Samples.TcpDownloadServer", "samples\Helios.Samples.TcpDownloadServer\Helios.Samples.TcpDownloadServer.csproj", "{CB0DF6A8-14CE-40A3-B6B5-F061287FF03E}"
EndProject
Project("{2150E333-8FDC-42A3-9474-1A3956D46DE8}") = "TimeService", "TimeService", "{E5ECC7CF-3DE5-4507-9F2F-91EC0E928742}"
EndProject
Project("{FAE04EC0-301F-11D3-BF4B-00C04F79EFBC}") = "TimeServiceClient", "samples\TimeService\TimeServiceClient\TimeServiceClient.csproj", "{1BECF167-1425-4DB6-85E0-E6FEF730E791}"
EndProject
Project("{FAE04EC0-301F-11D3-BF4B-00C04F79EFBC}") = "TimeServiceServer", "samples\TimeService\TimeServiceServer\TimeServiceServer.csproj", "{7E169CAF-9D9E-4D1F-9627-FD9D1ACEC8B1}"
EndProject
Project("{FAE04EC0-301F-11D3-BF4B-00C04F79EFBC}") = "Helios.RawSocket", "samples\Helios.RawSocket\Helios.RawSocket.csproj", "{6B38304A-9DBD-4761-9C6D-2ADD9755B5C6}"
EndProject
Project("{FAE04EC0-301F-11D3-BF4B-00C04F79EFBC}") = "Helios.RawUdpSocket", "samples\Helios.RawUdpSocket\Helios.RawUdpSocket.csproj", "{B4483775-BF67-4963-8A12-70145DA3136D}"
EndProject
Project("{FAE04EC0-301F-11D3-BF4B-00C04F79EFBC}") = "Helios.Samples.UdpPerformanceTest", "samples\Helios.Samples.UdpPerformanceTest\Helios.Samples.UdpPerformanceTest.csproj", "{4F89F69D-F12C-4754-BAB8-67582908F7DE}"
EndProject
Project("{2150E333-8FDC-42A3-9474-1A3956D46DE8}") = "tests", "tests", "{5E5EEA56-0AA6-469A-8123-E3076881057D}"
EndProject
Project("{FAE04EC0-301F-11D3-BF4B-00C04F79EFBC}") = "Helios.Tests", "tests\Helios.Tests\Helios.Tests.csproj", "{622145C4-0780-412C-9094-B57CEC84E216}"
EndProject
Project("{FAE04EC0-301F-11D3-BF4B-00C04F79EFBC}") = "Helios.MultiNodeTests", "tests\Helios.MultiNodeTests\Helios.MultiNodeTests.csproj", "{9435B7DF-A2CB-4CA4-945C-B7E663019ACE}"
EndProject
Project("{2150E333-8FDC-42A3-9474-1A3956D46DE8}") = "src", "src", "{10C4A82C-956F-4A75-A903-2F7153AB323C}"
EndProject
Project("{2150E333-8FDC-42A3-9474-1A3956D46DE8}") = "Util", "Util", "{36601D0B-DAA1-4119-AE4E-330BD70150AB}"
EndProject
Project("{2150E333-8FDC-42A3-9474-1A3956D46DE8}") = "Core", "Core", "{EC2FFAF8-7B19-4F04-A6CA-01299E39F555}"
EndProject
Project("{FAE04EC0-301F-11D3-BF4B-00C04F79EFBC}") = "Helios", "src\Helios\Helios.csproj", "{FCC26FA6-1B8E-413D-ACA5-A25B9C6459A1}"
EndProject
Project("{FAE04EC0-301F-11D3-BF4B-00C04F79EFBC}") = "Helios.NET35", "src\Helios.NET35\Helios.NET35.csproj", "{CEFDF028-1EDB-448C-9848-1AB41EC77150}"
EndProject
Project("{FAE04EC0-301F-11D3-BF4B-00C04F79EFBC}") = "Helios.NET40", "src\Helios.NET40\Helios.NET40.csproj", "{2075EC17-115D-4599-A60D-13F451006DC2}"
EndProject
Project("{2150E333-8FDC-42A3-9474-1A3956D46DE8}") = "build", "build", "{CC82CD9F-0F24-453A-846C-8D5CBD3C707D}"
	ProjectSection(SolutionItems) = preProject
		build.fsx = build.fsx
	EndProjectSection
EndProject
Project("{2150E333-8FDC-42A3-9474-1A3956D46DE8}") = "benchmark", "benchmark", "{7B7D8B0C-110F-4120-85A9-D0F9A9A97448}"
EndProject
Project("{FAE04EC0-301F-11D3-BF4B-00C04F79EFBC}") = "Helios.Benchmark.DedicatedThreadFiber", "benchmark\Helios.Benchmark.DedicatedThreadFiber\Helios.Benchmark.DedicatedThreadFiber.csproj", "{8157DE3E-526D-47C2-A6FB-AD24AD873EFF}"
EndProject
Project("{FAE04EC0-301F-11D3-BF4B-00C04F79EFBC}") = "Helios.Benchmark.SocketReliability", "benchmark\Helios.Benchmark.SocketReliability\Helios.Benchmark.SocketReliability.csproj", "{A3302ED7-83D5-480E-8A7E-2927C7FC7665}"
EndProject
Project("{FAE04EC0-301F-11D3-BF4B-00C04F79EFBC}") = "Helios.Benchmark.TCPThroughput", "benchmark\Helios.Benchmark.TCPThroughput\Helios.Benchmark.TCPThroughput.csproj", "{0B1D7AB8-6046-4A19-AF48-32193F4555A2}"
EndProject
Global
	GlobalSection(SolutionConfigurationPlatforms) = preSolution
		Debug Mono|Any CPU = Debug Mono|Any CPU
		Debug|Any CPU = Debug|Any CPU
		Release Mono|Any CPU = Release Mono|Any CPU
		Release|Any CPU = Release|Any CPU
	EndGlobalSection
	GlobalSection(ProjectConfigurationPlatforms) = postSolution
		{9217F519-A433-4C8F-9C09-ACE0A5CECC1D}.Debug Mono|Any CPU.ActiveCfg = Debug Mono|Any CPU
		{9217F519-A433-4C8F-9C09-ACE0A5CECC1D}.Debug Mono|Any CPU.Build.0 = Debug Mono|Any CPU
		{9217F519-A433-4C8F-9C09-ACE0A5CECC1D}.Debug|Any CPU.ActiveCfg = Debug|Any CPU
		{9217F519-A433-4C8F-9C09-ACE0A5CECC1D}.Debug|Any CPU.Build.0 = Debug|Any CPU
		{9217F519-A433-4C8F-9C09-ACE0A5CECC1D}.Release Mono|Any CPU.ActiveCfg = Release Mono|Any CPU
		{9217F519-A433-4C8F-9C09-ACE0A5CECC1D}.Release Mono|Any CPU.Build.0 = Release Mono|Any CPU
		{9217F519-A433-4C8F-9C09-ACE0A5CECC1D}.Release|Any CPU.ActiveCfg = Release|Any CPU
		{9217F519-A433-4C8F-9C09-ACE0A5CECC1D}.Release|Any CPU.Build.0 = Release|Any CPU
		{CAD07BA2-80FC-4C24-8395-85FC24F42047}.Debug Mono|Any CPU.ActiveCfg = Debug Mono|Any CPU
		{CAD07BA2-80FC-4C24-8395-85FC24F42047}.Debug Mono|Any CPU.Build.0 = Debug Mono|Any CPU
		{CAD07BA2-80FC-4C24-8395-85FC24F42047}.Debug|Any CPU.ActiveCfg = Debug|Any CPU
		{CAD07BA2-80FC-4C24-8395-85FC24F42047}.Debug|Any CPU.Build.0 = Debug|Any CPU
		{CAD07BA2-80FC-4C24-8395-85FC24F42047}.Release Mono|Any CPU.ActiveCfg = Release Mono|Any CPU
		{CAD07BA2-80FC-4C24-8395-85FC24F42047}.Release Mono|Any CPU.Build.0 = Release Mono|Any CPU
		{CAD07BA2-80FC-4C24-8395-85FC24F42047}.Release|Any CPU.ActiveCfg = Release|Any CPU
		{CAD07BA2-80FC-4C24-8395-85FC24F42047}.Release|Any CPU.Build.0 = Release|Any CPU
		{CB0DF6A8-14CE-40A3-B6B5-F061287FF03E}.Debug Mono|Any CPU.ActiveCfg = Debug Mono|Any CPU
		{CB0DF6A8-14CE-40A3-B6B5-F061287FF03E}.Debug Mono|Any CPU.Build.0 = Debug Mono|Any CPU
		{CB0DF6A8-14CE-40A3-B6B5-F061287FF03E}.Debug|Any CPU.ActiveCfg = Debug|Any CPU
		{CB0DF6A8-14CE-40A3-B6B5-F061287FF03E}.Debug|Any CPU.Build.0 = Debug|Any CPU
		{CB0DF6A8-14CE-40A3-B6B5-F061287FF03E}.Release Mono|Any CPU.ActiveCfg = Release Mono|Any CPU
		{CB0DF6A8-14CE-40A3-B6B5-F061287FF03E}.Release Mono|Any CPU.Build.0 = Release Mono|Any CPU
		{CB0DF6A8-14CE-40A3-B6B5-F061287FF03E}.Release|Any CPU.ActiveCfg = Release|Any CPU
		{CB0DF6A8-14CE-40A3-B6B5-F061287FF03E}.Release|Any CPU.Build.0 = Release|Any CPU
		{1BECF167-1425-4DB6-85E0-E6FEF730E791}.Debug Mono|Any CPU.ActiveCfg = Debug Mono|Any CPU
		{1BECF167-1425-4DB6-85E0-E6FEF730E791}.Debug Mono|Any CPU.Build.0 = Debug Mono|Any CPU
		{1BECF167-1425-4DB6-85E0-E6FEF730E791}.Debug|Any CPU.ActiveCfg = Debug|Any CPU
		{1BECF167-1425-4DB6-85E0-E6FEF730E791}.Debug|Any CPU.Build.0 = Debug|Any CPU
		{1BECF167-1425-4DB6-85E0-E6FEF730E791}.Release Mono|Any CPU.ActiveCfg = Release Mono|Any CPU
		{1BECF167-1425-4DB6-85E0-E6FEF730E791}.Release Mono|Any CPU.Build.0 = Release Mono|Any CPU
		{1BECF167-1425-4DB6-85E0-E6FEF730E791}.Release|Any CPU.ActiveCfg = Release|Any CPU
		{1BECF167-1425-4DB6-85E0-E6FEF730E791}.Release|Any CPU.Build.0 = Release|Any CPU
		{7E169CAF-9D9E-4D1F-9627-FD9D1ACEC8B1}.Debug Mono|Any CPU.ActiveCfg = Debug Mono|Any CPU
		{7E169CAF-9D9E-4D1F-9627-FD9D1ACEC8B1}.Debug Mono|Any CPU.Build.0 = Debug Mono|Any CPU
		{7E169CAF-9D9E-4D1F-9627-FD9D1ACEC8B1}.Debug|Any CPU.ActiveCfg = Debug|Any CPU
		{7E169CAF-9D9E-4D1F-9627-FD9D1ACEC8B1}.Debug|Any CPU.Build.0 = Debug|Any CPU
		{7E169CAF-9D9E-4D1F-9627-FD9D1ACEC8B1}.Release Mono|Any CPU.ActiveCfg = Release Mono|Any CPU
		{7E169CAF-9D9E-4D1F-9627-FD9D1ACEC8B1}.Release Mono|Any CPU.Build.0 = Release Mono|Any CPU
		{7E169CAF-9D9E-4D1F-9627-FD9D1ACEC8B1}.Release|Any CPU.ActiveCfg = Release|Any CPU
		{7E169CAF-9D9E-4D1F-9627-FD9D1ACEC8B1}.Release|Any CPU.Build.0 = Release|Any CPU
		{6B38304A-9DBD-4761-9C6D-2ADD9755B5C6}.Debug Mono|Any CPU.ActiveCfg = Debug Mono|Any CPU
		{6B38304A-9DBD-4761-9C6D-2ADD9755B5C6}.Debug Mono|Any CPU.Build.0 = Debug Mono|Any CPU
		{6B38304A-9DBD-4761-9C6D-2ADD9755B5C6}.Debug|Any CPU.ActiveCfg = Debug|Any CPU
		{6B38304A-9DBD-4761-9C6D-2ADD9755B5C6}.Debug|Any CPU.Build.0 = Debug|Any CPU
		{6B38304A-9DBD-4761-9C6D-2ADD9755B5C6}.Release Mono|Any CPU.ActiveCfg = Release Mono|Any CPU
		{6B38304A-9DBD-4761-9C6D-2ADD9755B5C6}.Release Mono|Any CPU.Build.0 = Release Mono|Any CPU
		{6B38304A-9DBD-4761-9C6D-2ADD9755B5C6}.Release|Any CPU.ActiveCfg = Release|Any CPU
		{6B38304A-9DBD-4761-9C6D-2ADD9755B5C6}.Release|Any CPU.Build.0 = Release|Any CPU
		{B4483775-BF67-4963-8A12-70145DA3136D}.Debug Mono|Any CPU.ActiveCfg = Debug Mono|Any CPU
		{B4483775-BF67-4963-8A12-70145DA3136D}.Debug Mono|Any CPU.Build.0 = Debug Mono|Any CPU
		{B4483775-BF67-4963-8A12-70145DA3136D}.Debug|Any CPU.ActiveCfg = Debug|Any CPU
		{B4483775-BF67-4963-8A12-70145DA3136D}.Debug|Any CPU.Build.0 = Debug|Any CPU
		{B4483775-BF67-4963-8A12-70145DA3136D}.Release Mono|Any CPU.ActiveCfg = Release Mono|Any CPU
		{B4483775-BF67-4963-8A12-70145DA3136D}.Release Mono|Any CPU.Build.0 = Release Mono|Any CPU
		{B4483775-BF67-4963-8A12-70145DA3136D}.Release|Any CPU.ActiveCfg = Release|Any CPU
		{B4483775-BF67-4963-8A12-70145DA3136D}.Release|Any CPU.Build.0 = Release|Any CPU
		{4F89F69D-F12C-4754-BAB8-67582908F7DE}.Debug Mono|Any CPU.ActiveCfg = Debug Mono|Any CPU
		{4F89F69D-F12C-4754-BAB8-67582908F7DE}.Debug Mono|Any CPU.Build.0 = Debug Mono|Any CPU
		{4F89F69D-F12C-4754-BAB8-67582908F7DE}.Debug|Any CPU.ActiveCfg = Debug|Any CPU
		{4F89F69D-F12C-4754-BAB8-67582908F7DE}.Debug|Any CPU.Build.0 = Debug|Any CPU
		{4F89F69D-F12C-4754-BAB8-67582908F7DE}.Release Mono|Any CPU.ActiveCfg = Release Mono|Any CPU
		{4F89F69D-F12C-4754-BAB8-67582908F7DE}.Release Mono|Any CPU.Build.0 = Release Mono|Any CPU
		{4F89F69D-F12C-4754-BAB8-67582908F7DE}.Release|Any CPU.ActiveCfg = Release|Any CPU
		{4F89F69D-F12C-4754-BAB8-67582908F7DE}.Release|Any CPU.Build.0 = Release|Any CPU
		{622145C4-0780-412C-9094-B57CEC84E216}.Debug Mono|Any CPU.ActiveCfg = Debug Mono|Any CPU
		{622145C4-0780-412C-9094-B57CEC84E216}.Debug Mono|Any CPU.Build.0 = Debug Mono|Any CPU
		{622145C4-0780-412C-9094-B57CEC84E216}.Debug|Any CPU.ActiveCfg = Debug|Any CPU
		{622145C4-0780-412C-9094-B57CEC84E216}.Debug|Any CPU.Build.0 = Debug|Any CPU
		{622145C4-0780-412C-9094-B57CEC84E216}.Release Mono|Any CPU.ActiveCfg = Release Mono|Any CPU
		{622145C4-0780-412C-9094-B57CEC84E216}.Release Mono|Any CPU.Build.0 = Release Mono|Any CPU
		{622145C4-0780-412C-9094-B57CEC84E216}.Release|Any CPU.ActiveCfg = Release|Any CPU
		{622145C4-0780-412C-9094-B57CEC84E216}.Release|Any CPU.Build.0 = Release|Any CPU
		{9435B7DF-A2CB-4CA4-945C-B7E663019ACE}.Debug Mono|Any CPU.ActiveCfg = Debug Mono|Any CPU
		{9435B7DF-A2CB-4CA4-945C-B7E663019ACE}.Debug Mono|Any CPU.Build.0 = Debug Mono|Any CPU
		{9435B7DF-A2CB-4CA4-945C-B7E663019ACE}.Debug|Any CPU.ActiveCfg = Debug|Any CPU
		{9435B7DF-A2CB-4CA4-945C-B7E663019ACE}.Debug|Any CPU.Build.0 = Debug|Any CPU
		{9435B7DF-A2CB-4CA4-945C-B7E663019ACE}.Release Mono|Any CPU.ActiveCfg = Release Mono|Any CPU
		{9435B7DF-A2CB-4CA4-945C-B7E663019ACE}.Release Mono|Any CPU.Build.0 = Release Mono|Any CPU
		{9435B7DF-A2CB-4CA4-945C-B7E663019ACE}.Release|Any CPU.ActiveCfg = Release|Any CPU
		{9435B7DF-A2CB-4CA4-945C-B7E663019ACE}.Release|Any CPU.Build.0 = Release|Any CPU
		{FCC26FA6-1B8E-413D-ACA5-A25B9C6459A1}.Debug Mono|Any CPU.ActiveCfg = Debug Mono|Any CPU
		{FCC26FA6-1B8E-413D-ACA5-A25B9C6459A1}.Debug Mono|Any CPU.Build.0 = Debug Mono|Any CPU
		{FCC26FA6-1B8E-413D-ACA5-A25B9C6459A1}.Debug|Any CPU.ActiveCfg = Debug|Any CPU
		{FCC26FA6-1B8E-413D-ACA5-A25B9C6459A1}.Debug|Any CPU.Build.0 = Debug|Any CPU
		{FCC26FA6-1B8E-413D-ACA5-A25B9C6459A1}.Release Mono|Any CPU.ActiveCfg = Release Mono|Any CPU
		{FCC26FA6-1B8E-413D-ACA5-A25B9C6459A1}.Release Mono|Any CPU.Build.0 = Release Mono|Any CPU
		{FCC26FA6-1B8E-413D-ACA5-A25B9C6459A1}.Release|Any CPU.ActiveCfg = Release|Any CPU
		{FCC26FA6-1B8E-413D-ACA5-A25B9C6459A1}.Release|Any CPU.Build.0 = Release|Any CPU
		{CEFDF028-1EDB-448C-9848-1AB41EC77150}.Debug Mono|Any CPU.ActiveCfg = Debug Mono|Any CPU
		{CEFDF028-1EDB-448C-9848-1AB41EC77150}.Debug Mono|Any CPU.Build.0 = Debug Mono|Any CPU
		{CEFDF028-1EDB-448C-9848-1AB41EC77150}.Debug|Any CPU.ActiveCfg = Debug|Any CPU
		{CEFDF028-1EDB-448C-9848-1AB41EC77150}.Debug|Any CPU.Build.0 = Debug|Any CPU
		{CEFDF028-1EDB-448C-9848-1AB41EC77150}.Release Mono|Any CPU.ActiveCfg = Release Mono|Any CPU
		{CEFDF028-1EDB-448C-9848-1AB41EC77150}.Release Mono|Any CPU.Build.0 = Release Mono|Any CPU
		{CEFDF028-1EDB-448C-9848-1AB41EC77150}.Release|Any CPU.ActiveCfg = Release|Any CPU
		{CEFDF028-1EDB-448C-9848-1AB41EC77150}.Release|Any CPU.Build.0 = Release|Any CPU
		{2075EC17-115D-4599-A60D-13F451006DC2}.Debug Mono|Any CPU.ActiveCfg = Debug Mono|Any CPU
		{2075EC17-115D-4599-A60D-13F451006DC2}.Debug Mono|Any CPU.Build.0 = Debug Mono|Any CPU
		{2075EC17-115D-4599-A60D-13F451006DC2}.Debug|Any CPU.ActiveCfg = Debug|Any CPU
		{2075EC17-115D-4599-A60D-13F451006DC2}.Debug|Any CPU.Build.0 = Debug|Any CPU
		{2075EC17-115D-4599-A60D-13F451006DC2}.Release Mono|Any CPU.ActiveCfg = Release Mono|Any CPU
		{2075EC17-115D-4599-A60D-13F451006DC2}.Release Mono|Any CPU.Build.0 = Release Mono|Any CPU
		{2075EC17-115D-4599-A60D-13F451006DC2}.Release|Any CPU.ActiveCfg = Release|Any CPU
		{2075EC17-115D-4599-A60D-13F451006DC2}.Release|Any CPU.Build.0 = Release|Any CPU
		{8157DE3E-526D-47C2-A6FB-AD24AD873EFF}.Debug Mono|Any CPU.ActiveCfg = Debug Mono|Any CPU
		{8157DE3E-526D-47C2-A6FB-AD24AD873EFF}.Debug Mono|Any CPU.Build.0 = Debug Mono|Any CPU
		{8157DE3E-526D-47C2-A6FB-AD24AD873EFF}.Debug|Any CPU.ActiveCfg = Debug|Any CPU
		{8157DE3E-526D-47C2-A6FB-AD24AD873EFF}.Debug|Any CPU.Build.0 = Debug|Any CPU
		{8157DE3E-526D-47C2-A6FB-AD24AD873EFF}.Release Mono|Any CPU.ActiveCfg = Release Mono|Any CPU
		{8157DE3E-526D-47C2-A6FB-AD24AD873EFF}.Release Mono|Any CPU.Build.0 = Release Mono|Any CPU
		{8157DE3E-526D-47C2-A6FB-AD24AD873EFF}.Release|Any CPU.ActiveCfg = Release|Any CPU
		{8157DE3E-526D-47C2-A6FB-AD24AD873EFF}.Release|Any CPU.Build.0 = Release|Any CPU
		{A3302ED7-83D5-480E-8A7E-2927C7FC7665}.Debug Mono|Any CPU.ActiveCfg = Debug Mono|Any CPU
		{A3302ED7-83D5-480E-8A7E-2927C7FC7665}.Debug Mono|Any CPU.Build.0 = Debug Mono|Any CPU
		{A3302ED7-83D5-480E-8A7E-2927C7FC7665}.Debug|Any CPU.ActiveCfg = Debug|Any CPU
		{A3302ED7-83D5-480E-8A7E-2927C7FC7665}.Debug|Any CPU.Build.0 = Debug|Any CPU
		{A3302ED7-83D5-480E-8A7E-2927C7FC7665}.Release Mono|Any CPU.ActiveCfg = Release Mono|Any CPU
		{A3302ED7-83D5-480E-8A7E-2927C7FC7665}.Release Mono|Any CPU.Build.0 = Release Mono|Any CPU
		{A3302ED7-83D5-480E-8A7E-2927C7FC7665}.Release|Any CPU.ActiveCfg = Release|Any CPU
		{A3302ED7-83D5-480E-8A7E-2927C7FC7665}.Release|Any CPU.Build.0 = Release|Any CPU
		{0B1D7AB8-6046-4A19-AF48-32193F4555A2}.Debug Mono|Any CPU.ActiveCfg = Debug|Any CPU
		{0B1D7AB8-6046-4A19-AF48-32193F4555A2}.Debug Mono|Any CPU.Build.0 = Debug|Any CPU
		{0B1D7AB8-6046-4A19-AF48-32193F4555A2}.Debug|Any CPU.ActiveCfg = Debug|Any CPU
		{0B1D7AB8-6046-4A19-AF48-32193F4555A2}.Debug|Any CPU.Build.0 = Debug|Any CPU
		{0B1D7AB8-6046-4A19-AF48-32193F4555A2}.Release Mono|Any CPU.ActiveCfg = Release|Any CPU
		{0B1D7AB8-6046-4A19-AF48-32193F4555A2}.Release Mono|Any CPU.Build.0 = Release|Any CPU
		{0B1D7AB8-6046-4A19-AF48-32193F4555A2}.Release|Any CPU.ActiveCfg = Release|Any CPU
		{0B1D7AB8-6046-4A19-AF48-32193F4555A2}.Release|Any CPU.Build.0 = Release|Any CPU
	EndGlobalSection
	GlobalSection(SolutionProperties) = preSolution
		HideSolutionNode = FALSE
	EndGlobalSection
	GlobalSection(NestedProjects) = preSolution
		{9217F519-A433-4C8F-9C09-ACE0A5CECC1D} = {CDCC7F36-83CF-430B-86CF-46CDF610301F}
		{CAD07BA2-80FC-4C24-8395-85FC24F42047} = {CDCC7F36-83CF-430B-86CF-46CDF610301F}
		{CB0DF6A8-14CE-40A3-B6B5-F061287FF03E} = {CDCC7F36-83CF-430B-86CF-46CDF610301F}
		{E5ECC7CF-3DE5-4507-9F2F-91EC0E928742} = {CDCC7F36-83CF-430B-86CF-46CDF610301F}
		{1BECF167-1425-4DB6-85E0-E6FEF730E791} = {E5ECC7CF-3DE5-4507-9F2F-91EC0E928742}
		{7E169CAF-9D9E-4D1F-9627-FD9D1ACEC8B1} = {E5ECC7CF-3DE5-4507-9F2F-91EC0E928742}
		{6B38304A-9DBD-4761-9C6D-2ADD9755B5C6} = {CDCC7F36-83CF-430B-86CF-46CDF610301F}
		{B4483775-BF67-4963-8A12-70145DA3136D} = {CDCC7F36-83CF-430B-86CF-46CDF610301F}
		{4F89F69D-F12C-4754-BAB8-67582908F7DE} = {CDCC7F36-83CF-430B-86CF-46CDF610301F}
		{622145C4-0780-412C-9094-B57CEC84E216} = {5E5EEA56-0AA6-469A-8123-E3076881057D}
		{9435B7DF-A2CB-4CA4-945C-B7E663019ACE} = {5E5EEA56-0AA6-469A-8123-E3076881057D}
		{36601D0B-DAA1-4119-AE4E-330BD70150AB} = {10C4A82C-956F-4A75-A903-2F7153AB323C}
		{EC2FFAF8-7B19-4F04-A6CA-01299E39F555} = {10C4A82C-956F-4A75-A903-2F7153AB323C}
		{FCC26FA6-1B8E-413D-ACA5-A25B9C6459A1} = {EC2FFAF8-7B19-4F04-A6CA-01299E39F555}
		{CEFDF028-1EDB-448C-9848-1AB41EC77150} = {EC2FFAF8-7B19-4F04-A6CA-01299E39F555}
		{2075EC17-115D-4599-A60D-13F451006DC2} = {EC2FFAF8-7B19-4F04-A6CA-01299E39F555}
		{8157DE3E-526D-47C2-A6FB-AD24AD873EFF} = {7B7D8B0C-110F-4120-85A9-D0F9A9A97448}
		{A3302ED7-83D5-480E-8A7E-2927C7FC7665} = {7B7D8B0C-110F-4120-85A9-D0F9A9A97448}
		{0B1D7AB8-6046-4A19-AF48-32193F4555A2} = {7B7D8B0C-110F-4120-85A9-D0F9A9A97448}
	EndGlobalSection
EndGlobal
